
Microsoft Visual Studio Solution File, Format Version 12.00
# Visual Studio Version 17
VisualStudioVersion = 17.3.32901.215
MinimumVisualStudioVersion = 10.0.40219.1
Project("{FAE04EC0-301F-11D3-BF4B-00C04F79EFBC}") = "HRTask", "HRTask\HRTask.csproj", "{97F7D01A-513B-453E-BC0D-71BD2F7C5C43}"
EndProject
Global
	GlobalSection(SolutionConfigurationPlatforms) = preSolution
		Debug|Any CPU = Debug|Any CPU
		Release|Any CPU = Release|Any CPU
	EndGlobalSection
	GlobalSection(ProjectConfigurationPlatforms) = postSolution
		{97F7D01A-513B-453E-BC0D-71BD2F7C5C43}.Debug|Any CPU.ActiveCfg = Debug|Any CPU
		{97F7D01A-513B-453E-BC0D-71BD2F7C5C43}.Debug|Any CPU.Build.0 = Debug|Any CPU
		{97F7D01A-513B-453E-BC0D-71BD2F7C5C43}.Release|Any CPU.ActiveCfg = Release|Any CPU
		{97F7D01A-513B-453E-BC0D-71BD2F7C5C43}.Release|Any CPU.Build.0 = Release|Any CPU
	EndGlobalSection
	GlobalSection(SolutionProperties) = preSolution
		HideSolutionNode = FALSE
	EndGlobalSection
	GlobalSection(ExtensibilityGlobals) = postSolution
		SolutionGuid = {5B102749-337B-427A-8F28-0AB76372EB91}
	EndGlobalSection
EndGlobal
